
Microsoft Visual Studio Solution File, Format Version 12.00
# Visual Studio Version 17
VisualStudioVersion = 17.9.34723.18
MinimumVisualStudioVersion = 10.0.40219.1
Project("{FAE04EC0-301F-11D3-BF4B-00C04F79EFBC}") = "Mock_ASM", "Mock_ASM\Mock_ASM.csproj", "{FEEC6EC2-F748-4C7F-A88F-729437A6DA9B}"
EndProject
Project("{FAE04EC0-301F-11D3-BF4B-00C04F79EFBC}") = "BusinessLogicLayer", "BusinessLogicLayer\BusinessLogicLayer.csproj", "{013D923F-B251-49F3-A700-0BD00CA049D6}"
EndProject
Project("{FAE04EC0-301F-11D3-BF4B-00C04F79EFBC}") = "DataAccessLayer", "DataAccessLayer\DataAccessLayer.csproj", "{44AC77EF-92E6-41C4-815A-CD32526F80ED}"
EndProject
Global
	GlobalSection(SolutionConfigurationPlatforms) = preSolution
		Debug|Any CPU = Debug|Any CPU
		Release|Any CPU = Release|Any CPU
	EndGlobalSection
	GlobalSection(ProjectConfigurationPlatforms) = postSolution
		{FEEC6EC2-F748-4C7F-A88F-729437A6DA9B}.Debug|Any CPU.ActiveCfg = Debug|Any CPU
		{FEEC6EC2-F748-4C7F-A88F-729437A6DA9B}.Debug|Any CPU.Build.0 = Debug|Any CPU
		{FEEC6EC2-F748-4C7F-A88F-729437A6DA9B}.Release|Any CPU.ActiveCfg = Release|Any CPU
		{FEEC6EC2-F748-4C7F-A88F-729437A6DA9B}.Release|Any CPU.Build.0 = Release|Any CPU
		{013D923F-B251-49F3-A700-0BD00CA049D6}.Debug|Any CPU.ActiveCfg = Debug|Any CPU
		{013D923F-B251-49F3-A700-0BD00CA049D6}.Debug|Any CPU.Build.0 = Debug|Any CPU
		{013D923F-B251-49F3-A700-0BD00CA049D6}.Release|Any CPU.ActiveCfg = Release|Any CPU
		{013D923F-B251-49F3-A700-0BD00CA049D6}.Release|Any CPU.Build.0 = Release|Any CPU
		{44AC77EF-92E6-41C4-815A-CD32526F80ED}.Debug|Any CPU.ActiveCfg = Debug|Any CPU
		{44AC77EF-92E6-41C4-815A-CD32526F80ED}.Debug|Any CPU.Build.0 = Debug|Any CPU
		{44AC77EF-92E6-41C4-815A-CD32526F80ED}.Release|Any CPU.ActiveCfg = Release|Any CPU
		{44AC77EF-92E6-41C4-815A-CD32526F80ED}.Release|Any CPU.Build.0 = Release|Any CPU
	EndGlobalSection
	GlobalSection(SolutionProperties) = preSolution
		HideSolutionNode = FALSE
	EndGlobalSection
	GlobalSection(ExtensibilityGlobals) = postSolution
		SolutionGuid = {889A22AB-87D1-434B-84FE-5A3C17E05656}
	EndGlobalSection
EndGlobal
